
Microsoft Visual Studio Solution File, Format Version 12.00
# Visual Studio 15
VisualStudioVersion = 15.0.28307.2017
MinimumVisualStudioVersion = 10.0.40219.1
Project("{FAE04EC0-301F-11D3-BF4B-00C04F79EFBC}") = "MembrosEstaticos", "MembrosEstaticos\MembrosEstaticos.csproj", "{1DDBDD10-18AC-481F-9EBB-3574167E7590}"
EndProject
Global
	GlobalSection(SolutionConfigurationPlatforms) = preSolution
		Debug|Any CPU = Debug|Any CPU
		Release|Any CPU = Release|Any CPU
	EndGlobalSection
	GlobalSection(ProjectConfigurationPlatforms) = postSolution
		{1DDBDD10-18AC-481F-9EBB-3574167E7590}.Debug|Any CPU.ActiveCfg = Debug|Any CPU
		{1DDBDD10-18AC-481F-9EBB-3574167E7590}.Debug|Any CPU.Build.0 = Debug|Any CPU
		{1DDBDD10-18AC-481F-9EBB-3574167E7590}.Release|Any CPU.ActiveCfg = Release|Any CPU
		{1DDBDD10-18AC-481F-9EBB-3574167E7590}.Release|Any CPU.Build.0 = Release|Any CPU
	EndGlobalSection
	GlobalSection(SolutionProperties) = preSolution
		HideSolutionNode = FALSE
	EndGlobalSection
	GlobalSection(ExtensibilityGlobals) = postSolution
		SolutionGuid = {3A483D70-13F7-4FE9-A9EC-BC95E77F80E2}
	EndGlobalSection
EndGlobal
